// !$*UTF8*$!
{
	archiveVersion = 1;
	classes = {
	};
	objectVersion = 48;
	objects = {

/* Begin PBXBuildFile section */
		B1A6F44E20E380000048C6E6 /* AppDelegate.swift in Sources */ = {isa = PBXBuildFile; fileRef = B1A6F44D20E380000048C6E6 /* AppDelegate.swift */; };
		B1A6F45020E380000048C6E6 /* ViewController.swift in Sources */ = {isa = PBXBuildFile; fileRef = B1A6F44F20E380000048C6E6 /* ViewController.swift */; };
		B1A6F45320E380000048C6E6 /* Main.storyboard in Resources */ = {isa = PBXBuildFile; fileRef = B1A6F45120E380000048C6E6 /* Main.storyboard */; };
		B1A6F45520E380000048C6E6 /* Assets.xcassets in Resources */ = {isa = PBXBuildFile; fileRef = B1A6F45420E380000048C6E6 /* Assets.xcassets */; };
		B1A6F45820E380000048C6E6 /* LaunchScreen.storyboard in Resources */ = {isa = PBXBuildFile; fileRef = B1A6F45620E380000048C6E6 /* LaunchScreen.storyboard */; };
		B1A6F46320E380000048C6E6 /* TabBarControllerCustomizeTests.swift in Sources */ = {isa = PBXBuildFile; fileRef = B1A6F46220E380000048C6E6 /* TabBarControllerCustomizeTests.swift */; };
		B1A6F46E20E380000048C6E6 /* TabBarControllerCustomizeUITests.swift in Sources */ = {isa = PBXBuildFile; fileRef = B1A6F46D20E380000048C6E6 /* TabBarControllerCustomizeUITests.swift */; };
		B1A6F47E20E3A1E00048C6E6 /* TabViewController.swift in Sources */ = {isa = PBXBuildFile; fileRef = B1A6F47D20E3A1E00048C6E6 /* TabViewController.swift */; };
		B1A6F48020E3A6620048C6E6 /* SecondViewController.swift in Sources */ = {isa = PBXBuildFile; fileRef = B1A6F47F20E3A6620048C6E6 /* SecondViewController.swift */; };
		B1A6F48220E3A6720048C6E6 /* ThirdViewController.swift in Sources */ = {isa = PBXBuildFile; fileRef = B1A6F48120E3A6720048C6E6 /* ThirdViewController.swift */; };
/* End PBXBuildFile section */

/* Begin PBXContainerItemProxy section */
		B1A6F45F20E380000048C6E6 /* PBXContainerItemProxy */ = {
			isa = PBXContainerItemProxy;
			containerPortal = B1A6F44220E380000048C6E6 /* Project object */;
			proxyType = 1;
			remoteGlobalIDString = B1A6F44920E380000048C6E6;
			remoteInfo = TabBarControllerCustomize;
		};
		B1A6F46A20E380000048C6E6 /* PBXContainerItemProxy */ = {
			isa = PBXContainerItemProxy;
			containerPortal = B1A6F44220E380000048C6E6 /* Project object */;
			proxyType = 1;
			remoteGlobalIDString = B1A6F44920E380000048C6E6;
			remoteInfo = TabBarControllerCustomize;
		};
/* End PBXContainerItemProxy section */

/* Begin PBXFileReference section */
		B1A6F44A20E380000048C6E6 /* TabBarControllerCustomize.app */ = {isa = PBXFileReference; explicitFileType = wrapper.application; includeInIndex = 0; path = TabBarControllerCustomize.app; sourceTree = BUILT_PRODUCTS_DIR; };
		B1A6F44D20E380000048C6E6 /* AppDelegate.swift */ = {isa = PBXFileReference; lastKnownFileType = sourcecode.swift; path = AppDelegate.swift; sourceTree = "<group>"; };
		B1A6F44F20E380000048C6E6 /* ViewController.swift */ = {isa = PBXFileReference; lastKnownFileType = sourcecode.swift; path = ViewController.swift; sourceTree = "<group>"; };
		B1A6F45220E380000048C6E6 /* Base */ = {isa = PBXFileReference; lastKnownFileType = file.storyboard; name = Base; path = Base.lproj/Main.storyboard; sourceTree = "<group>"; };
		B1A6F45420E380000048C6E6 /* Assets.xcassets */ = {isa = PBXFileReference; lastKnownFileType = folder.assetcatalog; path = Assets.xcassets; sourceTree = "<group>"; };
		B1A6F45720E380000048C6E6 /* Base */ = {isa = PBXFileReference; lastKnownFileType = file.storyboard; name = Base; path = Base.lproj/LaunchScreen.storyboard; sourceTree = "<group>"; };
		B1A6F45920E380000048C6E6 /* Info.plist */ = {isa = PBXFileReference; lastKnownFileType = text.plist.xml; path = Info.plist; sourceTree = "<group>"; };
		B1A6F45E20E380000048C6E6 /* TabBarControllerCustomizeTests.xctest */ = {isa = PBXFileReference; explicitFileType = wrapper.cfbundle; includeInIndex = 0; path = TabBarControllerCustomizeTests.xctest; sourceTree = BUILT_PRODUCTS_DIR; };
		B1A6F46220E380000048C6E6 /* TabBarControllerCustomizeTests.swift */ = {isa = PBXFileReference; lastKnownFileType = sourcecode.swift; path = TabBarControllerCustomizeTests.swift; sourceTree = "<group>"; };
		B1A6F46420E380000048C6E6 /* Info.plist */ = {isa = PBXFileReference; lastKnownFileType = text.plist.xml; path = Info.plist; sourceTree = "<group>"; };
		B1A6F46920E380000048C6E6 /* TabBarControllerCustomizeUITests.xctest */ = {isa = PBXFileReference; explicitFileType = wrapper.cfbundle; includeInIndex = 0; path = TabBarControllerCustomizeUITests.xctest; sourceTree = BUILT_PRODUCTS_DIR; };
		B1A6F46D20E380000048C6E6 /* TabBarControllerCustomizeUITests.swift */ = {isa = PBXFileReference; lastKnownFileType = sourcecode.swift; path = TabBarControllerCustomizeUITests.swift; sourceTree = "<group>"; };
		B1A6F46F20E380010048C6E6 /* Info.plist */ = {isa = PBXFileReference; lastKnownFileType = text.plist.xml; path = Info.plist; sourceTree = "<group>"; };
		B1A6F47D20E3A1E00048C6E6 /* TabViewController.swift */ = {isa = PBXFileReference; lastKnownFileType = sourcecode.swift; path = TabViewController.swift; sourceTree = "<group>"; };
		B1A6F47F20E3A6620048C6E6 /* SecondViewController.swift */ = {isa = PBXFileReference; lastKnownFileType = sourcecode.swift; path = SecondViewController.swift; sourceTree = "<group>"; };
		B1A6F48120E3A6720048C6E6 /* ThirdViewController.swift */ = {isa = PBXFileReference; lastKnownFileType = sourcecode.swift; path = ThirdViewController.swift; sourceTree = "<group>"; };
/* End PBXFileReference section */

/* Begin PBXFrameworksBuildPhase section */
		B1A6F44720E380000048C6E6 /* Frameworks */ = {
			isa = PBXFrameworksBuildPhase;
			buildActionMask = 2147483647;
			files = (
			);
			runOnlyForDeploymentPostprocessing = 0;
		};
		B1A6F45B20E380000048C6E6 /* Frameworks */ = {
			isa = PBXFrameworksBuildPhase;
			buildActionMask = 2147483647;
			files = (
			);
			runOnlyForDeploymentPostprocessing = 0;
		};
		B1A6F46620E380000048C6E6 /* Frameworks */ = {
			isa = PBXFrameworksBuildPhase;
			buildActionMask = 2147483647;
			files = (
			);
			runOnlyForDeploymentPostprocessing = 0;
		};
/* End PBXFrameworksBuildPhase section */

/* Begin PBXGroup section */
		B1A6F44120E380000048C6E6 = {
			isa = PBXGroup;
			children = (
				B1A6F44C20E380000048C6E6 /* TabBarControllerCustomize */,
				B1A6F46120E380000048C6E6 /* TabBarControllerCustomizeTests */,
				B1A6F46C20E380000048C6E6 /* TabBarControllerCustomizeUITests */,
				B1A6F44B20E380000048C6E6 /* Products */,
			);
			sourceTree = "<group>";
		};
		B1A6F44B20E380000048C6E6 /* Products */ = {
			isa = PBXGroup;
			children = (
				B1A6F44A20E380000048C6E6 /* TabBarControllerCustomize.app */,
				B1A6F45E20E380000048C6E6 /* TabBarControllerCustomizeTests.xctest */,
				B1A6F46920E380000048C6E6 /* TabBarControllerCustomizeUITests.xctest */,
			);
			name = Products;
			sourceTree = "<group>";
		};
		B1A6F44C20E380000048C6E6 /* TabBarControllerCustomize */ = {
			isa = PBXGroup;
			children = (
				B1A6F44D20E380000048C6E6 /* AppDelegate.swift */,
				B1A6F44F20E380000048C6E6 /* ViewController.swift */,
				B1A6F45120E380000048C6E6 /* Main.storyboard */,
				B1A6F45420E380000048C6E6 /* Assets.xcassets */,
				B1A6F45620E380000048C6E6 /* LaunchScreen.storyboard */,
				B1A6F45920E380000048C6E6 /* Info.plist */,
				B1A6F47D20E3A1E00048C6E6 /* TabViewController.swift */,
				B1A6F47F20E3A6620048C6E6 /* SecondViewController.swift */,
				B1A6F48120E3A6720048C6E6 /* ThirdViewController.swift */,
			);
			path = TabBarControllerCustomize;
			sourceTree = "<group>";
		};
		B1A6F46120E380000048C6E6 /* TabBarControllerCustomizeTests */ = {
			isa = PBXGroup;
			children = (
				B1A6F46220E380000048C6E6 /* TabBarControllerCustomizeTests.swift */,
				B1A6F46420E380000048C6E6 /* Info.plist */,
			);
			path = TabBarControllerCustomizeTests;
			sourceTree = "<group>";
		};
		B1A6F46C20E380000048C6E6 /* TabBarControllerCustomizeUITests */ = {
			isa = PBXGroup;
			children = (
				B1A6F46D20E380000048C6E6 /* TabBarControllerCustomizeUITests.swift */,
				B1A6F46F20E380010048C6E6 /* Info.plist */,
			);
			path = TabBarControllerCustomizeUITests;
			sourceTree = "<group>";
		};
/* End PBXGroup section */

/* Begin PBXNativeTarget section */
		B1A6F44920E380000048C6E6 /* TabBarControllerCustomize */ = {
			isa = PBXNativeTarget;
			buildConfigurationList = B1A6F47220E380010048C6E6 /* Build configuration list for PBXNativeTarget "TabBarControllerCustomize" */;
			buildPhases = (
				B1A6F44620E380000048C6E6 /* Sources */,
				B1A6F44720E380000048C6E6 /* Frameworks */,
				B1A6F44820E380000048C6E6 /* Resources */,
			);
			buildRules = (
			);
			dependencies = (
			);
			name = TabBarControllerCustomize;
			productName = TabBarControllerCustomize;
			productReference = B1A6F44A20E380000048C6E6 /* TabBarControllerCustomize.app */;
			productType = "com.apple.product-type.application";
		};
		B1A6F45D20E380000048C6E6 /* TabBarControllerCustomizeTests */ = {
			isa = PBXNativeTarget;
			buildConfigurationList = B1A6F47520E380010048C6E6 /* Build configuration list for PBXNativeTarget "TabBarControllerCustomizeTests" */;
			buildPhases = (
				B1A6F45A20E380000048C6E6 /* Sources */,
				B1A6F45B20E380000048C6E6 /* Frameworks */,
				B1A6F45C20E380000048C6E6 /* Resources */,
			);
			buildRules = (
			);
			dependencies = (
				B1A6F46020E380000048C6E6 /* PBXTargetDependency */,
			);
			name = TabBarControllerCustomizeTests;
			productName = TabBarControllerCustomizeTests;
			productReference = B1A6F45E20E380000048C6E6 /* TabBarControllerCustomizeTests.xctest */;
			productType = "com.apple.product-type.bundle.unit-test";
		};
		B1A6F46820E380000048C6E6 /* TabBarControllerCustomizeUITests */ = {
			isa = PBXNativeTarget;
			buildConfigurationList = B1A6F47820E380010048C6E6 /* Build configuration list for PBXNativeTarget "TabBarControllerCustomizeUITests" */;
			buildPhases = (
				B1A6F46520E380000048C6E6 /* Sources */,
				B1A6F46620E380000048C6E6 /* Frameworks */,
				B1A6F46720E380000048C6E6 /* Resources */,
			);
			buildRules = (
			);
			dependencies = (
				B1A6F46B20E380000048C6E6 /* PBXTargetDependency */,
			);
			name = TabBarControllerCustomizeUITests;
			productName = TabBarControllerCustomizeUITests;
			productReference = B1A6F46920E380000048C6E6 /* TabBarControllerCustomizeUITests.xctest */;
			productType = "com.apple.product-type.bundle.ui-testing";
		};
/* End PBXNativeTarget section */

/* Begin PBXProject section */
		B1A6F44220E380000048C6E6 /* Project object */ = {
			isa = PBXProject;
			attributes = {
				LastSwiftUpdateCheck = 0910;
				LastUpgradeCheck = 0910;
				ORGANIZATIONNAME = "Mansi Mahajan";
				TargetAttributes = {
					B1A6F44920E380000048C6E6 = {
						CreatedOnToolsVersion = 9.1;
						ProvisioningStyle = Automatic;
					};
					B1A6F45D20E380000048C6E6 = {
						CreatedOnToolsVersion = 9.1;
						ProvisioningStyle = Automatic;
						TestTargetID = B1A6F44920E380000048C6E6;
					};
					B1A6F46820E380000048C6E6 = {
						CreatedOnToolsVersion = 9.1;
						ProvisioningStyle = Automatic;
						TestTargetID = B1A6F44920E380000048C6E6;
					};
				};
			};
			buildConfigurationList = B1A6F44520E380000048C6E6 /* Build configuration list for PBXProject "TabBarControllerCustomize" */;
			compatibilityVersion = "Xcode 8.0";
			developmentRegion = en;
			hasScannedForEncodings = 0;
			knownRegions = (
				en,
				Base,
			);
			mainGroup = B1A6F44120E380000048C6E6;
			productRefGroup = B1A6F44B20E380000048C6E6 /* Products */;
			projectDirPath = "";
			projectRoot = "";
			targets = (
				B1A6F44920E380000048C6E6 /* TabBarControllerCustomize */,
				B1A6F45D20E380000048C6E6 /* TabBarControllerCustomizeTests */,
				B1A6F46820E380000048C6E6 /* TabBarControllerCustomizeUITests */,
			);
		};
/* End PBXProject section */

/* Begin PBXResourcesBuildPhase section */
		B1A6F44820E380000048C6E6 /* Resources */ = {
			isa = PBXResourcesBuildPhase;
			buildActionMask = 2147483647;
			files = (
				B1A6F45820E380000048C6E6 /* LaunchScreen.storyboard in Resources */,
				B1A6F45520E380000048C6E6 /* Assets.xcassets in Resources */,
				B1A6F45320E380000048C6E6 /* Main.storyboard in Resources */,
			);
			runOnlyForDeploymentPostprocessing = 0;
		};
		B1A6F45C20E380000048C6E6 /* Resources */ = {
			isa = PBXResourcesBuildPhase;
			buildActionMask = 2147483647;
			files = (
			);
			runOnlyForDeploymentPostprocessing = 0;
		};
		B1A6F46720E380000048C6E6 /* Resources */ = {
			isa = PBXResourcesBuildPhase;
			buildActionMask = 2147483647;
			files = (
			);
			runOnlyForDeploymentPostprocessing = 0;
		};
/* End PBXResourcesBuildPhase section */

/* Begin PBXSourcesBuildPhase section */
		B1A6F44620E380000048C6E6 /* Sources */ = {
			isa = PBXSourcesBuildPhase;
			buildActionMask = 2147483647;
			files = (
				B1A6F48020E3A6620048C6E6 /* SecondViewController.swift in Sources */,
				B1A6F47E20E3A1E00048C6E6 /* TabViewController.swift in Sources */,
				B1A6F48220E3A6720048C6E6 /* ThirdViewController.swift in Sources */,
				B1A6F45020E380000048C6E6 /* ViewController.swift in Sources */,
				B1A6F44E20E380000048C6E6 /* AppDelegate.swift in Sources */,
			);
			runOnlyForDeploymentPostprocessing = 0;
		};
		B1A6F45A20E380000048C6E6 /* Sources */ = {
			isa = PBXSourcesBuildPhase;
			buildActionMask = 2147483647;
			files = (
				B1A6F46320E380000048C6E6 /* TabBarControllerCustomizeTests.swift in Sources */,
			);
			runOnlyForDeploymentPostprocessing = 0;
		};
		B1A6F46520E380000048C6E6 /* Sources */ = {
			isa = PBXSourcesBuildPhase;
			buildActionMask = 2147483647;
			files = (
				B1A6F46E20E380000048C6E6 /* TabBarControllerCustomizeUITests.swift in Sources */,
			);
			runOnlyForDeploymentPostprocessing = 0;
		};
/* End PBXSourcesBuildPhase section */

/* Begin PBXTargetDependency section */
		B1A6F46020E380000048C6E6 /* PBXTargetDependency */ = {
			isa = PBXTargetDependency;
			target = B1A6F44920E380000048C6E6 /* TabBarControllerCustomize */;
			targetProxy = B1A6F45F20E380000048C6E6 /* PBXContainerItemProxy */;
		};
		B1A6F46B20E380000048C6E6 /* PBXTargetDependency */ = {
			isa = PBXTargetDependency;
			target = B1A6F44920E380000048C6E6 /* TabBarControllerCustomize */;
			targetProxy = B1A6F46A20E380000048C6E6 /* PBXContainerItemProxy */;
		};
/* End PBXTargetDependency section */

/* Begin PBXVariantGroup section */
		B1A6F45120E380000048C6E6 /* Main.storyboard */ = {
			isa = PBXVariantGroup;
			children = (
				B1A6F45220E380000048C6E6 /* Base */,
			);
			name = Main.storyboard;
			sourceTree = "<group>";
		};
		B1A6F45620E380000048C6E6 /* LaunchScreen.storyboard */ = {
			isa = PBXVariantGroup;
			children = (
				B1A6F45720E380000048C6E6 /* Base */,
			);
			name = LaunchScreen.storyboard;
			sourceTree = "<group>";
		};
/* End PBXVariantGroup section */

/* Begin XCBuildConfiguration section */
		B1A6F47020E380010048C6E6 /* Debug */ = {
			isa = XCBuildConfiguration;
			buildSettings = {
				ALWAYS_SEARCH_USER_PATHS = NO;
				CLANG_ANALYZER_NONNULL = YES;
				CLANG_ANALYZER_NUMBER_OBJECT_CONVERSION = YES_AGGRESSIVE;
				CLANG_CXX_LANGUAGE_STANDARD = "gnu++14";
				CLANG_CXX_LIBRARY = "libc++";
				CLANG_ENABLE_MODULES = YES;
				CLANG_ENABLE_OBJC_ARC = YES;
				CLANG_WARN_BLOCK_CAPTURE_AUTORELEASING = YES;
				CLANG_WARN_BOOL_CONVERSION = YES;
				CLANG_WARN_COMMA = YES;
				CLANG_WARN_CONSTANT_CONVERSION = YES;
				CLANG_WARN_DIRECT_OBJC_ISA_USAGE = YES_ERROR;
				CLANG_WARN_DOCUMENTATION_COMMENTS = YES;
				CLANG_WARN_EMPTY_BODY = YES;
				CLANG_WARN_ENUM_CONVERSION = YES;
				CLANG_WARN_INFINITE_RECURSION = YES;
				CLANG_WARN_INT_CONVERSION = YES;
				CLANG_WARN_NON_LITERAL_NULL_CONVERSION = YES;
				CLANG_WARN_OBJC_LITERAL_CONVERSION = YES;
				CLANG_WARN_OBJC_ROOT_CLASS = YES_ERROR;
				CLANG_WARN_RANGE_LOOP_ANALYSIS = YES;
				CLANG_WARN_STRICT_PROTOTYPES = YES;
				CLANG_WARN_SUSPICIOUS_MOVE = YES;
				CLANG_WARN_UNGUARDED_AVAILABILITY = YES_AGGRESSIVE;
				CLANG_WARN_UNREACHABLE_CODE = YES;
				CLANG_WARN__DUPLICATE_METHOD_MATCH = YES;
				CODE_SIGN_IDENTITY = "iPhone Developer";
				COPY_PHASE_STRIP = NO;
				DEBUG_INFORMATION_FORMAT = dwarf;
				ENABLE_STRICT_OBJC_MSGSEND = YES;
				ENABLE_TESTABILITY = YES;
				GCC_C_LANGUAGE_STANDARD = gnu11;
				GCC_DYNAMIC_NO_PIC = NO;
				GCC_NO_COMMON_BLOCKS = YES;
				GCC_OPTIMIZATION_LEVEL = 0;
				GCC_PREPROCESSOR_DEFINITIONS = (
					"DEBUG=1",
					"$(inherited)",
				);
				GCC_WARN_64_TO_32_BIT_CONVERSION = YES;
				GCC_WARN_ABOUT_RETURN_TYPE = YES_ERROR;
				GCC_WARN_UNDECLARED_SELECTOR = YES;
				GCC_WARN_UNINITIALIZED_AUTOS = YES_AGGRESSIVE;
				GCC_WARN_UNUSED_FUNCTION = YES;
				GCC_WARN_UNUSED_VARIABLE = YES;
				IPHONEOS_DEPLOYMENT_TARGET = 11.1;
				MTL_ENABLE_DEBUG_INFO = YES;
				ONLY_ACTIVE_ARCH = YES;
				SDKROOT = iphoneos;
				SWIFT_ACTIVE_COMPILATION_CONDITIONS = DEBUG;
				SWIFT_OPTIMIZATION_LEVEL = "-Onone";
			};
			name = Debug;
		};
		B1A6F47120E380010048C6E6 /* Release */ = {
			isa = XCBuildConfiguration;
			buildSettings = {
				ALWAYS_SEARCH_USER_PATHS = NO;
				CLANG_ANALYZER_NONNULL = YES;
				CLANG_ANALYZER_NUMBER_OBJECT_CONVERSION = YES_AGGRESSIVE;
				CLANG_CXX_LANGUAGE_STANDARD = "gnu++14";
				CLANG_CXX_LIBRARY = "libc++";
				CLANG_ENABLE_MODULES = YES;
				CLANG_ENABLE_OBJC_ARC = YES;
				CLANG_WARN_BLOCK_CAPTURE_AUTORELEASING = YES;
				CLANG_WARN_BOOL_CONVERSION = YES;
				CLANG_WARN_COMMA = YES;
				CLANG_WARN_CONSTANT_CONVERSION = YES;
				CLANG_WARN_DIRECT_OBJC_ISA_USAGE = YES_ERROR;
				CLANG_WARN_DOCUMENTATION_COMMENTS = YES;
				CLANG_WARN_EMPTY_BODY = YES;
				CLANG_WARN_ENUM_CONVERSION = YES;
				CLANG_WARN_INFINITE_RECURSION = YES;
				CLANG_WARN_INT_CONVERSION = YES;
				CLANG_WARN_NON_LITERAL_NULL_CONVERSION = YES;
				CLANG_WARN_OBJC_LITERAL_CONVERSION = YES;
				CLANG_WARN_OBJC_ROOT_CLASS = YES_ERROR;
				CLANG_WARN_RANGE_LOOP_ANALYSIS = YES;
				CLANG_WARN_STRICT_PROTOTYPES = YES;
				CLANG_WARN_SUSPICIOUS_MOVE = YES;
				CLANG_WARN_UNGUARDED_AVAILABILITY = YES_AGGRESSIVE;
				CLANG_WARN_UNREACHABLE_CODE = YES;
				CLANG_WARN__DUPLICATE_METHOD_MATCH = YES;
				CODE_SIGN_IDENTITY = "iPhone Developer";
				COPY_PHASE_STRIP = NO;
				DEBUG_INFORMATION_FORMAT = "dwarf-with-dsym";
				ENABLE_NS_ASSERTIONS = NO;
				ENABLE_STRICT_OBJC_MSGSEND = YES;
				GCC_C_LANGUAGE_STANDARD = gnu11;
				GCC_NO_COMMON_BLOCKS = YES;
				GCC_WARN_64_TO_32_BIT_CONVERSION = YES;
				GCC_WARN_ABOUT_RETURN_TYPE = YES_ERROR;
				GCC_WARN_UNDECLARED_SELECTOR = YES;
				GCC_WARN_UNINITIALIZED_AUTOS = YES_AGGRESSIVE;
				GCC_WARN_UNUSED_FUNCTION = YES;
				GCC_WARN_UNUSED_VARIABLE = YES;
				IPHONEOS_DEPLOYMENT_TARGET = 11.1;
				MTL_ENABLE_DEBUG_INFO = NO;
				SDKROOT = iphoneos;
				SWIFT_OPTIMIZATION_LEVEL = "-Owholemodule";
				VALIDATE_PRODUCT = YES;
			};
			name = Release;
		};
		B1A6F47320E380010048C6E6 /* Debug */ = {
			isa = XCBuildConfiguration;
			buildSettings = {
				ASSETCATALOG_COMPILER_APPICON_NAME = AppIcon;
				CODE_SIGN_STYLE = Automatic;
				INFOPLIST_FILE = TabBarControllerCustomize/Info.plist;
				LD_RUNPATH_SEARCH_PATHS = "$(inherited) @executable_path/Frameworks";
				PRODUCT_BUNDLE_IDENTIFIER = TVE.TabBarControllerCustomize;
				PRODUCT_NAME = "$(TARGET_NAME)";
				SWIFT_VERSION = 4.0;
				TARGETED_DEVICE_FAMILY = "1,2";
			};
			name = Debug;
		};
		B1A6F47420E380010048C6E6 /* Release */ = {
			isa = XCBuildConfiguration;
			buildSettings = {
				ASSETCATALOG_COMPILER_APPICON_NAME = AppIcon;
				CODE_SIGN_STYLE = Automatic;
				INFOPLIST_FILE = TabBarControllerCustomize/Info.plist;
				LD_RUNPATH_SEARCH_PATHS = "$(inherited) @executable_path/Frameworks";
				PRODUCT_BUNDLE_IDENTIFIER = TVE.TabBarControllerCustomize;
				PRODUCT_NAME = "$(TARGET_NAME)";
				SWIFT_VERSION = 4.0;
				TARGETED_DEVICE_FAMILY = "1,2";
			};
			name = Release;
		};
		B1A6F47620E380010048C6E6 /* Debug */ = {
			isa = XCBuildConfiguration;
			buildSettings = {
				ALWAYS_EMBED_SWIFT_STANDARD_LIBRARIES = YES;
				BUNDLE_LOADER = "$(TEST_HOST)";
				CODE_SIGN_STYLE = Automatic;
				INFOPLIST_FILE = TabBarControllerCustomizeTests/Info.plist;
				LD_RUNPATH_SEARCH_PATHS = "$(inherited) @executable_path/Frameworks @loader_path/Frameworks";
				PRODUCT_BUNDLE_IDENTIFIER = TVE.TabBarControllerCustomizeTests;
				PRODUCT_NAME = "$(TARGET_NAME)";
				SWIFT_VERSION = 4.0;
				TARGETED_DEVICE_FAMILY = "1,2";
				TEST_HOST = "$(BUILT_PRODUCTS_DIR)/TabBarControllerCustomize.app/TabBarControllerCustomize";
			};
			name = Debug;
		};
		B1A6F47720E380010048C6E6 /* Release */ = {
			isa = XCBuildConfiguration;
			buildSettings = {
				ALWAYS_EMBED_SWIFT_STANDARD_LIBRARIES = YES;
				BUNDLE_LOADER = "$(TEST_HOST)";
				CODE_SIGN_STYLE = Automatic;
				INFOPLIST_FILE = TabBarControllerCustomizeTests/Info.plist;
				LD_RUNPATH_SEARCH_PATHS = "$(inherited) @executable_path/Frameworks @loader_path/Frameworks";
				PRODUCT_BUNDLE_IDENTIFIER = TVE.TabBarControllerCustomizeTests;
				PRODUCT_NAME = "$(TARGET_NAME)";
				SWIFT_VERSION = 4.0;
				TARGETED_DEVICE_FAMILY = "1,2";
				TEST_HOST = "$(BUILT_PRODUCTS_DIR)/TabBarControllerCustomize.app/TabBarControllerCustomize";
			};
			name = Release;
		};
		B1A6F47920E380010048C6E6 /* Debug */ = {
			isa = XCBuildConfiguration;
			buildSettings = {
				ALWAYS_EMBED_SWIFT_STANDARD_LIBRARIES = YES;
				CODE_SIGN_STYLE = Automatic;
				INFOPLIST_FILE = TabBarControllerCustomizeUITests/Info.plist;
				LD_RUNPATH_SEARCH_PATHS = "$(inherited) @executable_path/Frameworks @loader_path/Frameworks";
				PRODUCT_BUNDLE_IDENTIFIER = TVE.TabBarControllerCustomizeUITests;
				PRODUCT_NAME = "$(TARGET_NAME)";
				SWIFT_VERSION = 4.0;
				TARGETED_DEVICE_FAMILY = "1,2";
				TEST_TARGET_NAME = TabBarControllerCustomize;
			};
			name = Debug;
		};
		B1A6F47A20E380010048C6E6 /* Release */ = {
			isa = XCBuildConfiguration;
			buildSettings = {
				ALWAYS_EMBED_SWIFT_STANDARD_LIBRARIES = YES;
				CODE_SIGN_STYLE = Automatic;
				INFOPLIST_FILE = TabBarControllerCustomizeUITests/Info.plist;
				LD_RUNPATH_SEARCH_PATHS = "$(inherited) @executable_path/Frameworks @loader_path/Frameworks";
				PRODUCT_BUNDLE_IDENTIFIER = TVE.TabBarControllerCustomizeUITests;
				PRODUCT_NAME = "$(TARGET_NAME)";
				SWIFT_VERSION = 4.0;
				TARGETED_DEVICE_FAMILY = "1,2";
				TEST_TARGET_NAME = TabBarControllerCustomize;
			};
			name = Release;
		};
/* End XCBuildConfiguration section */

/* Begin XCConfigurationList section */
		B1A6F44520E380000048C6E6 /* Build configuration list for PBXProject "TabBarControllerCustomize" */ = {
			isa = XCConfigurationList;
			buildConfigurations = (
				B1A6F47020E380010048C6E6 /* Debug */,
				B1A6F47120E380010048C6E6 /* Release */,
			);
			defaultConfigurationIsVisible = 0;
			defaultConfigurationName = Release;
		};
		B1A6F47220E380010048C6E6 /* Build configuration list for PBXNativeTarget "TabBarControllerCustomize" */ = {
			isa = XCConfigurationList;
			buildConfigurations = (
				B1A6F47320E380010048C6E6 /* Debug */,
				B1A6F47420E380010048C6E6 /* Release */,
			);
			defaultConfigurationIsVisible = 0;
			defaultConfigurationName = Release;
		};
		B1A6F47520E380010048C6E6 /* Build configuration list for PBXNativeTarget "TabBarControllerCustomizeTests" */ = {
			isa = XCConfigurationList;
			buildConfigurations = (
				B1A6F47620E380010048C6E6 /* Debug */,
				B1A6F47720E380010048C6E6 /* Release */,
			);
			defaultConfigurationIsVisible = 0;
			defaultConfigurationName = Release;
		};
		B1A6F47820E380010048C6E6 /* Build configuration list for PBXNativeTarget "TabBarControllerCustomizeUITests" */ = {
			isa = XCConfigurationList;
			buildConfigurations = (
				B1A6F47920E380010048C6E6 /* Debug */,
				B1A6F47A20E380010048C6E6 /* Release */,
			);
			defaultConfigurationIsVisible = 0;
			defaultConfigurationName = Release;
		};
/* End XCConfigurationList section */
	};
	rootObject = B1A6F44220E380000048C6E6 /* Project object */;
}
